// !$*UTF8*$!
{
	archiveVersion = 1;
	classes = {
	};
	objectVersion = 46;
	objects = {

/* Begin PBXBuildFile section */
		2A07F86519CBCC4D0097F2E2 /* ETHibitaApiClient.m in Sources */ = {isa = PBXBuildFile; fileRef = 2A07F86419CBCC4D0097F2E2 /* ETHibitaApiClient.m */; };
		2A07F86819CBE94A0097F2E2 /* HonbanViewController.m in Sources */ = {isa = PBXBuildFile; fileRef = 2A07F86719CBE94A0097F2E2 /* HonbanViewController.m */; };
		2A07F86B19CBF9450097F2E2 /* FavoriteViewController.m in Sources */ = {isa = PBXBuildFile; fileRef = 2A07F86A19CBF9450097F2E2 /* FavoriteViewController.m */; };
		2A07F86F19CBFA7C0097F2E2 /* ETCollectionViewCell.m in Sources */ = {isa = PBXBuildFile; fileRef = 2A07F86D19CBFA7C0097F2E2 /* ETCollectionViewCell.m */; };
		2A07F87019CBFA7C0097F2E2 /* ETCollectionViewCell.xib in Resources */ = {isa = PBXBuildFile; fileRef = 2A07F86E19CBFA7C0097F2E2 /* ETCollectionViewCell.xib */; };
		2A07F87319CC04300097F2E2 /* ItemData.m in Sources */ = {isa = PBXBuildFile; fileRef = 2A07F87219CC04300097F2E2 /* ItemData.m */; };
		2A76B0AB19C80A150037A7D7 /* main.m in Sources */ = {isa = PBXBuildFile; fileRef = 2A76B0AA19C80A150037A7D7 /* main.m */; };
		2A76B0AE19C80A150037A7D7 /* AppDelegate.m in Sources */ = {isa = PBXBuildFile; fileRef = 2A76B0AD19C80A150037A7D7 /* AppDelegate.m */; };
		2A76B0B119C80A150037A7D7 /* basetinder.xcdatamodeld in Sources */ = {isa = PBXBuildFile; fileRef = 2A76B0AF19C80A150037A7D7 /* basetinder.xcdatamodeld */; };
		2A76B0B419C80A150037A7D7 /* ViewController.m in Sources */ = {isa = PBXBuildFile; fileRef = 2A76B0B319C80A150037A7D7 /* ViewController.m */; };
		2A76B0B719C80A150037A7D7 /* Main.storyboard in Resources */ = {isa = PBXBuildFile; fileRef = 2A76B0B519C80A150037A7D7 /* Main.storyboard */; };
		2A76B0B919C80A150037A7D7 /* Images.xcassets in Resources */ = {isa = PBXBuildFile; fileRef = 2A76B0B819C80A150037A7D7 /* Images.xcassets */; };
		2A76B0BC19C80A150037A7D7 /* LaunchScreen.xib in Resources */ = {isa = PBXBuildFile; fileRef = 2A76B0BA19C80A150037A7D7 /* LaunchScreen.xib */; };
		2A76B0C819C80A150037A7D7 /* basetinderTests.m in Sources */ = {isa = PBXBuildFile; fileRef = 2A76B0C719C80A150037A7D7 /* basetinderTests.m */; };
		2AA52A1619CB5C3700C886C7 /* ETBuyerAPIClient.m in Sources */ = {isa = PBXBuildFile; fileRef = 2AA52A1419CB5C3700C886C7 /* ETBuyerAPIClient.m */; };
		2AA52A1919CB5C9000C886C7 /* CommonAPI.m in Sources */ = {isa = PBXBuildFile; fileRef = 2AA52A1819CB5C9000C886C7 /* CommonAPI.m */; };
		2AA52A1C19CB5CB700C886C7 /* ETDefaultInfo.m in Sources */ = {isa = PBXBuildFile; fileRef = 2AA52A1B19CB5CB700C886C7 /* ETDefaultInfo.m */; };
		5C2E52B338C742F8888C4641 /* libPods.a in Frameworks */ = {isa = PBXBuildFile; fileRef = D23E080F06E84B0CBB448918 /* libPods.a */; };
/* End PBXBuildFile section */

/* Begin PBXContainerItemProxy section */
		2A76B0C219C80A150037A7D7 /* PBXContainerItemProxy */ = {
			isa = PBXContainerItemProxy;
			containerPortal = 2A76B09D19C80A150037A7D7 /* Project object */;
			proxyType = 1;
			remoteGlobalIDString = 2A76B0A419C80A150037A7D7;
			remoteInfo = basetinder;
		};
/* End PBXContainerItemProxy section */

/* Begin PBXFileReference section */
		2A07F86319CBCC4D0097F2E2 /* ETHibitaApiClient.h */ = {isa = PBXFileReference; fileEncoding = 4; lastKnownFileType = sourcecode.c.h; path = ETHibitaApiClient.h; sourceTree = "<group>"; };
		2A07F86419CBCC4D0097F2E2 /* ETHibitaApiClient.m */ = {isa = PBXFileReference; fileEncoding = 4; lastKnownFileType = sourcecode.c.objc; path = ETHibitaApiClient.m; sourceTree = "<group>"; };
		2A07F86619CBE94A0097F2E2 /* HonbanViewController.h */ = {isa = PBXFileReference; fileEncoding = 4; lastKnownFileType = sourcecode.c.h; path = HonbanViewController.h; sourceTree = "<group>"; };
		2A07F86719CBE94A0097F2E2 /* HonbanViewController.m */ = {isa = PBXFileReference; fileEncoding = 4; lastKnownFileType = sourcecode.c.objc; path = HonbanViewController.m; sourceTree = "<group>"; };
		2A07F86919CBF9450097F2E2 /* FavoriteViewController.h */ = {isa = PBXFileReference; fileEncoding = 4; lastKnownFileType = sourcecode.c.h; path = FavoriteViewController.h; sourceTree = "<group>"; };
		2A07F86A19CBF9450097F2E2 /* FavoriteViewController.m */ = {isa = PBXFileReference; fileEncoding = 4; lastKnownFileType = sourcecode.c.objc; path = FavoriteViewController.m; sourceTree = "<group>"; };
		2A07F86C19CBFA7C0097F2E2 /* ETCollectionViewCell.h */ = {isa = PBXFileReference; fileEncoding = 4; lastKnownFileType = sourcecode.c.h; path = ETCollectionViewCell.h; sourceTree = "<group>"; };
		2A07F86D19CBFA7C0097F2E2 /* ETCollectionViewCell.m */ = {isa = PBXFileReference; fileEncoding = 4; lastKnownFileType = sourcecode.c.objc; path = ETCollectionViewCell.m; sourceTree = "<group>"; };
		2A07F86E19CBFA7C0097F2E2 /* ETCollectionViewCell.xib */ = {isa = PBXFileReference; fileEncoding = 4; lastKnownFileType = file.xib; path = ETCollectionViewCell.xib; sourceTree = "<group>"; };
		2A07F87119CC04300097F2E2 /* ItemData.h */ = {isa = PBXFileReference; fileEncoding = 4; lastKnownFileType = sourcecode.c.h; path = ItemData.h; sourceTree = "<group>"; };
		2A07F87219CC04300097F2E2 /* ItemData.m */ = {isa = PBXFileReference; fileEncoding = 4; lastKnownFileType = sourcecode.c.objc; path = ItemData.m; sourceTree = "<group>"; };
		2A76B0A519C80A150037A7D7 /* basetinder.app */ = {isa = PBXFileReference; explicitFileType = wrapper.application; includeInIndex = 0; path = basetinder.app; sourceTree = BUILT_PRODUCTS_DIR; };
		2A76B0A919C80A150037A7D7 /* Info.plist */ = {isa = PBXFileReference; lastKnownFileType = text.plist.xml; path = Info.plist; sourceTree = "<group>"; };
		2A76B0AA19C80A150037A7D7 /* main.m */ = {isa = PBXFileReference; lastKnownFileType = sourcecode.c.objc; path = main.m; sourceTree = "<group>"; };
		2A76B0AC19C80A150037A7D7 /* AppDelegate.h */ = {isa = PBXFileReference; lastKnownFileType = sourcecode.c.h; path = AppDelegate.h; sourceTree = "<group>"; };
		2A76B0AD19C80A150037A7D7 /* AppDelegate.m */ = {isa = PBXFileReference; lastKnownFileType = sourcecode.c.objc; path = AppDelegate.m; sourceTree = "<group>"; };
		2A76B0B019C80A150037A7D7 /* basetinder.xcdatamodel */ = {isa = PBXFileReference; lastKnownFileType = wrapper.xcdatamodel; path = basetinder.xcdatamodel; sourceTree = "<group>"; };
		2A76B0B219C80A150037A7D7 /* ViewController.h */ = {isa = PBXFileReference; lastKnownFileType = sourcecode.c.h; path = ViewController.h; sourceTree = "<group>"; };
		2A76B0B319C80A150037A7D7 /* ViewController.m */ = {isa = PBXFileReference; lastKnownFileType = sourcecode.c.objc; path = ViewController.m; sourceTree = "<group>"; };
		2A76B0B619C80A150037A7D7 /* Base */ = {isa = PBXFileReference; lastKnownFileType = file.storyboard; name = Base; path = Base.lproj/Main.storyboard; sourceTree = "<group>"; };
		2A76B0B819C80A150037A7D7 /* Images.xcassets */ = {isa = PBXFileReference; lastKnownFileType = folder.assetcatalog; path = Images.xcassets; sourceTree = "<group>"; };
		2A76B0BB19C80A150037A7D7 /* Base */ = {isa = PBXFileReference; lastKnownFileType = file.xib; name = Base; path = Base.lproj/LaunchScreen.xib; sourceTree = "<group>"; };
		2A76B0C119C80A150037A7D7 /* basetinderTests.xctest */ = {isa = PBXFileReference; explicitFileType = wrapper.cfbundle; includeInIndex = 0; path = basetinderTests.xctest; sourceTree = BUILT_PRODUCTS_DIR; };
		2A76B0C619C80A150037A7D7 /* Info.plist */ = {isa = PBXFileReference; lastKnownFileType = text.plist.xml; path = Info.plist; sourceTree = "<group>"; };
		2A76B0C719C80A150037A7D7 /* basetinderTests.m */ = {isa = PBXFileReference; lastKnownFileType = sourcecode.c.objc; path = basetinderTests.m; sourceTree = "<group>"; };
		2AA52A1419CB5C3700C886C7 /* ETBuyerAPIClient.m */ = {isa = PBXFileReference; fileEncoding = 4; lastKnownFileType = sourcecode.c.objc; path = ETBuyerAPIClient.m; sourceTree = "<group>"; };
		2AA52A1519CB5C3700C886C7 /* ETBuyerAPIClient.h */ = {isa = PBXFileReference; fileEncoding = 4; lastKnownFileType = sourcecode.c.h; path = ETBuyerAPIClient.h; sourceTree = "<group>"; };
		2AA52A1719CB5C9000C886C7 /* CommonAPI.h */ = {isa = PBXFileReference; fileEncoding = 4; lastKnownFileType = sourcecode.c.h; path = CommonAPI.h; sourceTree = "<group>"; };
		2AA52A1819CB5C9000C886C7 /* CommonAPI.m */ = {isa = PBXFileReference; fileEncoding = 4; lastKnownFileType = sourcecode.c.objc; path = CommonAPI.m; sourceTree = "<group>"; };
		2AA52A1A19CB5CB700C886C7 /* ETDefaultInfo.h */ = {isa = PBXFileReference; fileEncoding = 4; lastKnownFileType = sourcecode.c.h; path = ETDefaultInfo.h; sourceTree = "<group>"; };
		2AA52A1B19CB5CB700C886C7 /* ETDefaultInfo.m */ = {isa = PBXFileReference; fileEncoding = 4; lastKnownFileType = sourcecode.c.objc; path = ETDefaultInfo.m; sourceTree = "<group>"; };
		9E42E3B0958248769C873686 /* Pods.xcconfig */ = {isa = PBXFileReference; includeInIndex = 1; lastKnownFileType = text.xcconfig; name = Pods.xcconfig; path = Pods/Pods.xcconfig; sourceTree = "<group>"; };
		D23E080F06E84B0CBB448918 /* libPods.a */ = {isa = PBXFileReference; explicitFileType = archive.ar; includeInIndex = 0; path = libPods.a; sourceTree = BUILT_PRODUCTS_DIR; };
/* End PBXFileReference section */

/* Begin PBXFrameworksBuildPhase section */
		2A76B0A219C80A150037A7D7 /* Frameworks */ = {
			isa = PBXFrameworksBuildPhase;
			buildActionMask = 2147483647;
			files = (
				5C2E52B338C742F8888C4641 /* libPods.a in Frameworks */,
			);
			runOnlyForDeploymentPostprocessing = 0;
		};
		2A76B0BE19C80A150037A7D7 /* Frameworks */ = {
			isa = PBXFrameworksBuildPhase;
			buildActionMask = 2147483647;
			files = (
			);
			runOnlyForDeploymentPostprocessing = 0;
		};
/* End PBXFrameworksBuildPhase section */

/* Begin PBXGroup section */
		2A76B09C19C80A150037A7D7 = {
			isa = PBXGroup;
			children = (
				2A76B0A719C80A150037A7D7 /* basetinder */,
				2A76B0C419C80A150037A7D7 /* basetinderTests */,
				2A76B0A619C80A150037A7D7 /* Products */,
				9E42E3B0958248769C873686 /* Pods.xcconfig */,
				E7278D63994B4CF6B947F205 /* Frameworks */,
			);
			sourceTree = "<group>";
		};
		2A76B0A619C80A150037A7D7 /* Products */ = {
			isa = PBXGroup;
			children = (
				2A76B0A519C80A150037A7D7 /* basetinder.app */,
				2A76B0C119C80A150037A7D7 /* basetinderTests.xctest */,
			);
			name = Products;
			sourceTree = "<group>";
		};
		2A76B0A719C80A150037A7D7 /* basetinder */ = {
			isa = PBXGroup;
			children = (
				2AA52A1319CB51EC00C886C7 /* API */,
				2A07F86C19CBFA7C0097F2E2 /* ETCollectionViewCell.h */,
				2A07F86D19CBFA7C0097F2E2 /* ETCollectionViewCell.m */,
				2A07F86E19CBFA7C0097F2E2 /* ETCollectionViewCell.xib */,
				2A76B0AC19C80A150037A7D7 /* AppDelegate.h */,
				2A76B0AD19C80A150037A7D7 /* AppDelegate.m */,
				2A76B0B219C80A150037A7D7 /* ViewController.h */,
				2A76B0B319C80A150037A7D7 /* ViewController.m */,
				2A07F87119CC04300097F2E2 /* ItemData.h */,
				2A07F87219CC04300097F2E2 /* ItemData.m */,
				2A07F86619CBE94A0097F2E2 /* HonbanViewController.h */,
				2A07F86719CBE94A0097F2E2 /* HonbanViewController.m */,
				2A07F86919CBF9450097F2E2 /* FavoriteViewController.h */,
				2A07F86A19CBF9450097F2E2 /* FavoriteViewController.m */,
				2A76B0B519C80A150037A7D7 /* Main.storyboard */,
				2A76B0B819C80A150037A7D7 /* Images.xcassets */,
				2A76B0BA19C80A150037A7D7 /* LaunchScreen.xib */,
				2A76B0AF19C80A150037A7D7 /* basetinder.xcdatamodeld */,
				2A76B0A819C80A150037A7D7 /* Supporting Files */,
			);
			path = basetinder;
			sourceTree = "<group>";
		};
		2A76B0A819C80A150037A7D7 /* Supporting Files */ = {
			isa = PBXGroup;
			children = (
				2A76B0A919C80A150037A7D7 /* Info.plist */,
				2A76B0AA19C80A150037A7D7 /* main.m */,
			);
			name = "Supporting Files";
			sourceTree = "<group>";
		};
		2A76B0C419C80A150037A7D7 /* basetinderTests */ = {
			isa = PBXGroup;
			children = (
				2A76B0C719C80A150037A7D7 /* basetinderTests.m */,
				2A76B0C519C80A150037A7D7 /* Supporting Files */,
			);
			path = basetinderTests;
			sourceTree = "<group>";
		};
		2A76B0C519C80A150037A7D7 /* Supporting Files */ = {
			isa = PBXGroup;
			children = (
				2A76B0C619C80A150037A7D7 /* Info.plist */,
			);
			name = "Supporting Files";
			sourceTree = "<group>";
		};
		2AA52A1319CB51EC00C886C7 /* API */ = {
			isa = PBXGroup;
			children = (
				2AA52A1A19CB5CB700C886C7 /* ETDefaultInfo.h */,
				2AA52A1B19CB5CB700C886C7 /* ETDefaultInfo.m */,
				2AA52A1719CB5C9000C886C7 /* CommonAPI.h */,
				2AA52A1819CB5C9000C886C7 /* CommonAPI.m */,
				2AA52A1519CB5C3700C886C7 /* ETBuyerAPIClient.h */,
				2AA52A1419CB5C3700C886C7 /* ETBuyerAPIClient.m */,
				2A07F86319CBCC4D0097F2E2 /* ETHibitaApiClient.h */,
				2A07F86419CBCC4D0097F2E2 /* ETHibitaApiClient.m */,
			);
			name = API;
			sourceTree = "<group>";
		};
		E7278D63994B4CF6B947F205 /* Frameworks */ = {
			isa = PBXGroup;
			children = (
				D23E080F06E84B0CBB448918 /* libPods.a */,
			);
			name = Frameworks;
			sourceTree = "<group>";
		};
/* End PBXGroup section */

/* Begin PBXNativeTarget section */
		2A76B0A419C80A150037A7D7 /* basetinder */ = {
			isa = PBXNativeTarget;
			buildConfigurationList = 2A76B0CB19C80A150037A7D7 /* Build configuration list for PBXNativeTarget "basetinder" */;
			buildPhases = (
				779F4AB4F02C479CAA325C79 /* Check Pods Manifest.lock */,
				2A76B0A119C80A150037A7D7 /* Sources */,
				2A76B0A219C80A150037A7D7 /* Frameworks */,
				2A76B0A319C80A150037A7D7 /* Resources */,
				35D9A6B3270D47DFB0772C4B /* Copy Pods Resources */,
			);
			buildRules = (
			);
			dependencies = (
			);
			name = basetinder;
			productName = basetinder;
			productReference = 2A76B0A519C80A150037A7D7 /* basetinder.app */;
			productType = "com.apple.product-type.application";
		};
		2A76B0C019C80A150037A7D7 /* basetinderTests */ = {
			isa = PBXNativeTarget;
			buildConfigurationList = 2A76B0CE19C80A150037A7D7 /* Build configuration list for PBXNativeTarget "basetinderTests" */;
			buildPhases = (
				2A76B0BD19C80A150037A7D7 /* Sources */,
				2A76B0BE19C80A150037A7D7 /* Frameworks */,
				2A76B0BF19C80A150037A7D7 /* Resources */,
			);
			buildRules = (
			);
			dependencies = (
				2A76B0C319C80A150037A7D7 /* PBXTargetDependency */,
			);
			name = basetinderTests;
			productName = basetinderTests;
			productReference = 2A76B0C119C80A150037A7D7 /* basetinderTests.xctest */;
			productType = "com.apple.product-type.bundle.unit-test";
		};
/* End PBXNativeTarget section */

/* Begin PBXProject section */
		2A76B09D19C80A150037A7D7 /* Project object */ = {
			isa = PBXProject;
			attributes = {
				LastUpgradeCheck = 0600;
				ORGANIZATIONNAME = in.thebase;
				TargetAttributes = {
					2A76B0A419C80A150037A7D7 = {
						CreatedOnToolsVersion = 6.0;
					};
					2A76B0C019C80A150037A7D7 = {
						CreatedOnToolsVersion = 6.0;
						TestTargetID = 2A76B0A419C80A150037A7D7;
					};
				};
			};
			buildConfigurationList = 2A76B0A019C80A150037A7D7 /* Build configuration list for PBXProject "basetinder" */;
			compatibilityVersion = "Xcode 3.2";
			developmentRegion = English;
			hasScannedForEncodings = 0;
			knownRegions = (
				en,
				Base,
			);
			mainGroup = 2A76B09C19C80A150037A7D7;
			productRefGroup = 2A76B0A619C80A150037A7D7 /* Products */;
			projectDirPath = "";
			projectRoot = "";
			targets = (
				2A76B0A419C80A150037A7D7 /* basetinder */,
				2A76B0C019C80A150037A7D7 /* basetinderTests */,
			);
		};
/* End PBXProject section */

/* Begin PBXResourcesBuildPhase section */
		2A76B0A319C80A150037A7D7 /* Resources */ = {
			isa = PBXResourcesBuildPhase;
			buildActionMask = 2147483647;
			files = (
				2A76B0B719C80A150037A7D7 /* Main.storyboard in Resources */,
				2A07F87019CBFA7C0097F2E2 /* ETCollectionViewCell.xib in Resources */,
				2A76B0BC19C80A150037A7D7 /* LaunchScreen.xib in Resources */,
				2A76B0B919C80A150037A7D7 /* Images.xcassets in Resources */,
			);
			runOnlyForDeploymentPostprocessing = 0;
		};
		2A76B0BF19C80A150037A7D7 /* Resources */ = {
			isa = PBXResourcesBuildPhase;
			buildActionMask = 2147483647;
			files = (
			);
			runOnlyForDeploymentPostprocessing = 0;
		};
/* End PBXResourcesBuildPhase section */

/* Begin PBXShellScriptBuildPhase section */
		35D9A6B3270D47DFB0772C4B /* Copy Pods Resources */ = {
			isa = PBXShellScriptBuildPhase;
			buildActionMask = 2147483647;
			files = (
			);
			inputPaths = (
			);
			name = "Copy Pods Resources";
			outputPaths = (
			);
			runOnlyForDeploymentPostprocessing = 0;
			shellPath = /bin/sh;
			shellScript = "\"${SRCROOT}/Pods/Pods-resources.sh\"\n";
			showEnvVarsInLog = 0;
		};
		779F4AB4F02C479CAA325C79 /* Check Pods Manifest.lock */ = {
			isa = PBXShellScriptBuildPhase;
			buildActionMask = 2147483647;
			files = (
			);
			inputPaths = (
			);
			name = "Check Pods Manifest.lock";
			outputPaths = (
			);
			runOnlyForDeploymentPostprocessing = 0;
			shellPath = /bin/sh;
			shellScript = "diff \"${PODS_ROOT}/../Podfile.lock\" \"${PODS_ROOT}/Manifest.lock\" > /dev/null\nif [[ $? != 0 ]] ; then\n    cat << EOM\nerror: The sandbox is not in sync with the Podfile.lock. Run 'pod install' or update your CocoaPods installation.\nEOM\n    exit 1\nfi\n";
			showEnvVarsInLog = 0;
		};
/* End PBXShellScriptBuildPhase section */

/* Begin PBXSourcesBuildPhase section */
		2A76B0A119C80A150037A7D7 /* Sources */ = {
			isa = PBXSourcesBuildPhase;
			buildActionMask = 2147483647;
			files = (
				2A07F86B19CBF9450097F2E2 /* FavoriteViewController.m in Sources */,
				2A76B0AE19C80A150037A7D7 /* AppDelegate.m in Sources */,
				2A07F86519CBCC4D0097F2E2 /* ETHibitaApiClient.m in Sources */,
				2A76B0B119C80A150037A7D7 /* basetinder.xcdatamodeld in Sources */,
				2A76B0B419C80A150037A7D7 /* ViewController.m in Sources */,
				2A07F86F19CBFA7C0097F2E2 /* ETCollectionViewCell.m in Sources */,
				2A07F87319CC04300097F2E2 /* ItemData.m in Sources */,
				2AA52A1919CB5C9000C886C7 /* CommonAPI.m in Sources */,
				2A07F86819CBE94A0097F2E2 /* HonbanViewController.m in Sources */,
				2AA52A1619CB5C3700C886C7 /* ETBuyerAPIClient.m in Sources */,
				2A76B0AB19C80A150037A7D7 /* main.m in Sources */,
				2AA52A1C19CB5CB700C886C7 /* ETDefaultInfo.m in Sources */,
			);
			runOnlyForDeploymentPostprocessing = 0;
		};
		2A76B0BD19C80A150037A7D7 /* Sources */ = {
			isa = PBXSourcesBuildPhase;
			buildActionMask = 2147483647;
			files = (
				2A76B0C819C80A150037A7D7 /* basetinderTests.m in Sources */,
			);
			runOnlyForDeploymentPostprocessing = 0;
		};
/* End PBXSourcesBuildPhase section */

/* Begin PBXTargetDependency section */
		2A76B0C319C80A150037A7D7 /* PBXTargetDependency */ = {
			isa = PBXTargetDependency;
			target = 2A76B0A419C80A150037A7D7 /* basetinder */;
			targetProxy = 2A76B0C219C80A150037A7D7 /* PBXContainerItemProxy */;
		};
/* End PBXTargetDependency section */

/* Begin PBXVariantGroup section */
		2A76B0B519C80A150037A7D7 /* Main.storyboard */ = {
			isa = PBXVariantGroup;
			children = (
				2A76B0B619C80A150037A7D7 /* Base */,
			);
			name = Main.storyboard;
			sourceTree = "<group>";
		};
		2A76B0BA19C80A150037A7D7 /* LaunchScreen.xib */ = {
			isa = PBXVariantGroup;
			children = (
				2A76B0BB19C80A150037A7D7 /* Base */,
			);
			name = LaunchScreen.xib;
			sourceTree = "<group>";
		};
/* End PBXVariantGroup section */

/* Begin XCBuildConfiguration section */
		2A76B0C919C80A150037A7D7 /* Debug */ = {
			isa = XCBuildConfiguration;
			buildSettings = {
				ALWAYS_SEARCH_USER_PATHS = NO;
				CLANG_CXX_LANGUAGE_STANDARD = "gnu++0x";
				CLANG_CXX_LIBRARY = "libc++";
				CLANG_ENABLE_MODULES = YES;
				CLANG_ENABLE_OBJC_ARC = YES;
				CLANG_WARN_BOOL_CONVERSION = YES;
				CLANG_WARN_CONSTANT_CONVERSION = YES;
				CLANG_WARN_DIRECT_OBJC_ISA_USAGE = YES_ERROR;
				CLANG_WARN_EMPTY_BODY = YES;
				CLANG_WARN_ENUM_CONVERSION = YES;
				CLANG_WARN_INT_CONVERSION = YES;
				CLANG_WARN_OBJC_ROOT_CLASS = YES_ERROR;
				CLANG_WARN_UNREACHABLE_CODE = YES;
				CLANG_WARN__DUPLICATE_METHOD_MATCH = YES;
				"CODE_SIGN_IDENTITY[sdk=iphoneos*]" = "iPhone Developer";
				COPY_PHASE_STRIP = NO;
				ENABLE_STRICT_OBJC_MSGSEND = YES;
				GCC_C_LANGUAGE_STANDARD = gnu99;
				GCC_DYNAMIC_NO_PIC = NO;
				GCC_OPTIMIZATION_LEVEL = 0;
				GCC_PREPROCESSOR_DEFINITIONS = (
					"DEBUG=1",
					"$(inherited)",
				);
				GCC_SYMBOLS_PRIVATE_EXTERN = NO;
				GCC_WARN_64_TO_32_BIT_CONVERSION = YES;
				GCC_WARN_ABOUT_RETURN_TYPE = YES_ERROR;
				GCC_WARN_UNDECLARED_SELECTOR = YES;
				GCC_WARN_UNINITIALIZED_AUTOS = YES_AGGRESSIVE;
				GCC_WARN_UNUSED_FUNCTION = YES;
				GCC_WARN_UNUSED_VARIABLE = YES;
				IPHONEOS_DEPLOYMENT_TARGET = 8.0;
				MTL_ENABLE_DEBUG_INFO = YES;
				ONLY_ACTIVE_ARCH = YES;
				SDKROOT = iphoneos;
			};
			name = Debug;
		};
		2A76B0CA19C80A150037A7D7 /* Release */ = {
			isa = XCBuildConfiguration;
			buildSettings = {
				ALWAYS_SEARCH_USER_PATHS = NO;
				CLANG_CXX_LANGUAGE_STANDARD = "gnu++0x";
				CLANG_CXX_LIBRARY = "libc++";
				CLANG_ENABLE_MODULES = YES;
				CLANG_ENABLE_OBJC_ARC = YES;
				CLANG_WARN_BOOL_CONVERSION = YES;
				CLANG_WARN_CONSTANT_CONVERSION = YES;
				CLANG_WARN_DIRECT_OBJC_ISA_USAGE = YES_ERROR;
				CLANG_WARN_EMPTY_BODY = YES;
				CLANG_WARN_ENUM_CONVERSION = YES;
				CLANG_WARN_INT_CONVERSION = YES;
				CLANG_WARN_OBJC_ROOT_CLASS = YES_ERROR;
				CLANG_WARN_UNREACHABLE_CODE = YES;
				CLANG_WARN__DUPLICATE_METHOD_MATCH = YES;
				"CODE_SIGN_IDENTITY[sdk=iphoneos*]" = "iPhone Developer";
				COPY_PHASE_STRIP = YES;
				ENABLE_NS_ASSERTIONS = NO;
				ENABLE_STRICT_OBJC_MSGSEND = YES;
				GCC_C_LANGUAGE_STANDARD = gnu99;
				GCC_WARN_64_TO_32_BIT_CONVERSION = YES;
				GCC_WARN_ABOUT_RETURN_TYPE = YES_ERROR;
				GCC_WARN_UNDECLARED_SELECTOR = YES;
				GCC_WARN_UNINITIALIZED_AUTOS = YES_AGGRESSIVE;
				GCC_WARN_UNUSED_FUNCTION = YES;
				GCC_WARN_UNUSED_VARIABLE = YES;
				IPHONEOS_DEPLOYMENT_TARGET = 8.0;
				MTL_ENABLE_DEBUG_INFO = NO;
				SDKROOT = iphoneos;
				VALIDATE_PRODUCT = YES;
			};
			name = Release;
		};
		2A76B0CC19C80A150037A7D7 /* Debug */ = {
			isa = XCBuildConfiguration;
			baseConfigurationReference = 9E42E3B0958248769C873686 /* Pods.xcconfig */;
			buildSettings = {
				ASSETCATALOG_COMPILER_APPICON_NAME = AppIcon;
				INFOPLIST_FILE = basetinder/Info.plist;
				IPHONEOS_DEPLOYMENT_TARGET = 7.1;
				LD_RUNPATH_SEARCH_PATHS = "$(inherited) @executable_path/Frameworks";
				PRODUCT_NAME = "$(TARGET_NAME)";
			};
			name = Debug;
		};
		2A76B0CD19C80A150037A7D7 /* Release */ = {
			isa = XCBuildConfiguration;
			baseConfigurationReference = 9E42E3B0958248769C873686 /* Pods.xcconfig */;
			buildSettings = {
				ASSETCATALOG_COMPILER_APPICON_NAME = AppIcon;
				INFOPLIST_FILE = basetinder/Info.plist;
				IPHONEOS_DEPLOYMENT_TARGET = 7.1;
				LD_RUNPATH_SEARCH_PATHS = "$(inherited) @executable_path/Frameworks";
				PRODUCT_NAME = "$(TARGET_NAME)";
			};
			name = Release;
		};
		2A76B0CF19C80A150037A7D7 /* Debug */ = {
			isa = XCBuildConfiguration;
			buildSettings = {
				BUNDLE_LOADER = "$(TEST_HOST)";
				FRAMEWORK_SEARCH_PATHS = (
					"$(SDKROOT)/Developer/Library/Frameworks",
					"$(inherited)",
				);
				GCC_PREPROCESSOR_DEFINITIONS = (
					"DEBUG=1",
					"$(inherited)",
				);
				INFOPLIST_FILE = basetinderTests/Info.plist;
				LD_RUNPATH_SEARCH_PATHS = "$(inherited) @executable_path/Frameworks @loader_path/Frameworks";
				PRODUCT_NAME = "$(TARGET_NAME)";
				TEST_HOST = "$(BUILT_PRODUCTS_DIR)/basetinder.app/basetinder";
			};
			name = Debug;
		};
		2A76B0D019C80A150037A7D7 /* Release */ = {
			isa = XCBuildConfiguration;
			buildSettings = {
				BUNDLE_LOADER = "$(TEST_HOST)";
				FRAMEWORK_SEARCH_PATHS = (
					"$(SDKROOT)/Developer/Library/Frameworks",
					"$(inherited)",
				);
				INFOPLIST_FILE = basetinderTests/Info.plist;
				LD_RUNPATH_SEARCH_PATHS = "$(inherited) @executable_path/Frameworks @loader_path/Frameworks";
				PRODUCT_NAME = "$(TARGET_NAME)";
				TEST_HOST = "$(BUILT_PRODUCTS_DIR)/basetinder.app/basetinder";
			};
			name = Release;
		};
/* End XCBuildConfiguration section */

/* Begin XCConfigurationList section */
		2A76B0A019C80A150037A7D7 /* Build configuration list for PBXProject "basetinder" */ = {
			isa = XCConfigurationList;
			buildConfigurations = (
				2A76B0C919C80A150037A7D7 /* Debug */,
				2A76B0CA19C80A150037A7D7 /* Release */,
			);
			defaultConfigurationIsVisible = 0;
			defaultConfigurationName = Release;
		};
		2A76B0CB19C80A150037A7D7 /* Build configuration list for PBXNativeTarget "basetinder" */ = {
			isa = XCConfigurationList;
			buildConfigurations = (
				2A76B0CC19C80A150037A7D7 /* Debug */,
				2A76B0CD19C80A150037A7D7 /* Release */,
			);
			defaultConfigurationIsVisible = 0;
			defaultConfigurationName = Release;
		};
		2A76B0CE19C80A150037A7D7 /* Build configuration list for PBXNativeTarget "basetinderTests" */ = {
			isa = XCConfigurationList;
			buildConfigurations = (
				2A76B0CF19C80A150037A7D7 /* Debug */,
				2A76B0D019C80A150037A7D7 /* Release */,
			);
			defaultConfigurationIsVisible = 0;
			defaultConfigurationName = Release;
		};
/* End XCConfigurationList section */

/* Begin XCVersionGroup section */
		2A76B0AF19C80A150037A7D7 /* basetinder.xcdatamodeld */ = {
			isa = XCVersionGroup;
			children = (
				2A76B0B019C80A150037A7D7 /* basetinder.xcdatamodel */,
			);
			currentVersion = 2A76B0B019C80A150037A7D7 /* basetinder.xcdatamodel */;
			path = basetinder.xcdatamodeld;
			sourceTree = "<group>";
			versionGroupType = wrapper.xcdatamodel;
		};
/* End XCVersionGroup section */
	};
	rootObject = 2A76B09D19C80A150037A7D7 /* Project object */;
}
